<Solution>
  <Folder Name="/domain/">
    <Project Path="domain/ProcPoke.Battle/ProcPoke.Battle.csproj" />
    <Project Path="domain/ProcPoke.Data/ProcPoke.Data.csproj" />
    <Project Path="domain/ProcPoke.Generation/ProcPoke.Generation.csproj" />
  </Folder>
  <Folder Name="/tools/">
    <Project Path="tools/ProcPoke.Bake/ProcPoke.Bake.csproj" />
    <Project Path="tools/ProcPoke.MapGen/ProcPoke.MapGen.csproj" />
  </Folder>
  <Folder Name="/tests/">
    <Project Path="tests/ProcPoke.Battle.Tests/ProcPoke.Battle.Tests.csproj" />
    <Project Path="tests/ProcPoke.Data.Tests/ProcPoke.Data.Tests.csproj" />
    <Project Path="tests/ProcPoke.Generation.Tests/ProcPoke.Generation.Tests.csproj" />
  </Folder>
  <Project Path="ProcPoke.csproj" />
</Solution>
